
Microsoft Visual Studio Solution File, Format Version 12.00
# Visual Studio 15
VisualStudioVersion = 15.0.28010.2041
MinimumVisualStudioVersion = 10.0.40219.1
Project("{FAE04EC0-301F-11D3-BF4B-00C04F79EFBC}") = "fivaa", "fivaa\fivaa.csproj", "{921F84B0-C51A-4875-BFB2-A82D1D409FA0}"
EndProject
Global
	GlobalSection(SolutionConfigurationPlatforms) = preSolution
		Debug|Any CPU = Debug|Any CPU
		Release|Any CPU = Release|Any CPU
	EndGlobalSection
	GlobalSection(ProjectConfigurationPlatforms) = postSolution
		{921F84B0-C51A-4875-BFB2-A82D1D409FA0}.Debug|Any CPU.ActiveCfg = Debug|Any CPU
		{921F84B0-C51A-4875-BFB2-A82D1D409FA0}.Debug|Any CPU.Build.0 = Debug|Any CPU
		{921F84B0-C51A-4875-BFB2-A82D1D409FA0}.Release|Any CPU.ActiveCfg = Release|Any CPU
		{921F84B0-C51A-4875-BFB2-A82D1D409FA0}.Release|Any CPU.Build.0 = Release|Any CPU
	EndGlobalSection
	GlobalSection(SolutionProperties) = preSolution
		HideSolutionNode = FALSE
	EndGlobalSection
	GlobalSection(ExtensibilityGlobals) = postSolution
		SolutionGuid = {83006ED4-7880-477F-B29D-3D58F28DFFAE}
	EndGlobalSection
EndGlobal
